
Microsoft Visual Studio Solution File, Format Version 12.00
# Visual Studio Version 17
VisualStudioVersion = 17.5.002.0
MinimumVisualStudioVersion = 10.0.40219.1
Project("{9A19103F-16F7-4668-BE54-9A1E7A4F7556}") = "customprivatepackage", "customprivatepackage.csproj", "{76767BA6-6628-4CB0-9032-E0A3E6A70515}"
EndProject
Global
	GlobalSection(SolutionConfigurationPlatforms) = preSolution
		Debug|Any CPU = Debug|Any CPU
		Release|Any CPU = Release|Any CPU
	EndGlobalSection
	GlobalSection(ProjectConfigurationPlatforms) = postSolution
		{76767BA6-6628-4CB0-9032-E0A3E6A70515}.Debug|Any CPU.ActiveCfg = Debug|Any CPU
		{76767BA6-6628-4CB0-9032-E0A3E6A70515}.Debug|Any CPU.Build.0 = Debug|Any CPU
		{76767BA6-6628-4CB0-9032-E0A3E6A70515}.Release|Any CPU.ActiveCfg = Release|Any CPU
		{76767BA6-6628-4CB0-9032-E0A3E6A70515}.Release|Any CPU.Build.0 = Release|Any CPU
	EndGlobalSection
	GlobalSection(SolutionProperties) = preSolution
		HideSolutionNode = FALSE
	EndGlobalSection
	GlobalSection(ExtensibilityGlobals) = postSolution
		SolutionGuid = {57BA06F1-8892-4DD9-9912-A5E73B73D7AD}
	EndGlobalSection
EndGlobal
